
Microsoft Visual Studio Solution File, Format Version 12.00
# Visual Studio 14
VisualStudioVersion = 14.0.25123.0
MinimumVisualStudioVersion = 10.0.40219.1
Project("{FAE04EC0-301F-11D3-BF4B-00C04F79EFBC}") = "TestForErrorsInUnitsXml", "TestForErrorsInUnitsXml\TestForErrorsInUnitsXml.csproj", "{6D4A0E31-9A1A-453A-A8D3-78BBF5984475}"
EndProject
Global
	GlobalSection(SolutionConfigurationPlatforms) = preSolution
		Debug|Any CPU = Debug|Any CPU
		Release|Any CPU = Release|Any CPU
	EndGlobalSection
	GlobalSection(ProjectConfigurationPlatforms) = postSolution
		{6D4A0E31-9A1A-453A-A8D3-78BBF5984475}.Debug|Any CPU.ActiveCfg = Debug|Any CPU
		{6D4A0E31-9A1A-453A-A8D3-78BBF5984475}.Debug|Any CPU.Build.0 = Debug|Any CPU
		{6D4A0E31-9A1A-453A-A8D3-78BBF5984475}.Release|Any CPU.ActiveCfg = Release|Any CPU
		{6D4A0E31-9A1A-453A-A8D3-78BBF5984475}.Release|Any CPU.Build.0 = Release|Any CPU
	EndGlobalSection
	GlobalSection(SolutionProperties) = preSolution
		HideSolutionNode = FALSE
	EndGlobalSection
EndGlobal
